
Microsoft Visual Studio Solution File, Format Version 12.00
# Visual Studio Version 17
VisualStudioVersion = 17.0.31903.59
MinimumVisualStudioVersion = 10.0.40219.1
Project("{FAE04EC0-301F-11D3-BF4B-00C04F79EFBC}") = "BlocoNaRua.Core", "BlocoNaRua.Core\BlocoNaRua.Core.csproj", "{069ABD35-FB98-4938-B066-B67ADA48D545}"
EndProject
Project("{FAE04EC0-301F-11D3-BF4B-00C04F79EFBC}") = "BlocoNaRua.Domain", "BlocoNaRua.Domain\BlocoNaRua.Domain.csproj", "{20421F66-62A2-4A00-90D5-F8E89CB9C585}"
EndProject
Project("{FAE04EC0-301F-11D3-BF4B-00C04F79EFBC}") = "BlocoNaRua.Data", "BlocoNaRua.Data\BlocoNaRua.Data.csproj", "{5D8F95BE-4035-4773-9F54-C139D7F24507}"
EndProject
Project("{FAE04EC0-301F-11D3-BF4B-00C04F79EFBC}") = "BlocoNaRua.Restful", "BlocoNaRua.Restful\BlocoNaRua.Restful.csproj", "{095482DF-09E0-4EFA-925B-738AB71CAA08}"
EndProject
Project("{FAE04EC0-301F-11D3-BF4B-00C04F79EFBC}") = "BlocoNaRua.Tests", "BlocoNaRua.Tests\BlocoNaRua.Tests.csproj", "{89D9D905-A746-4825-BE3C-C108C36FE3CB}"
EndProject
Project("{FAE04EC0-301F-11D3-BF4B-00C04F79EFBC}") = "BlocoNaRua.Services", "BlocoNaRua.Services\BlocoNaRua.Services.csproj", "{E7988A08-55DB-4FE6-8339-93748FBF3836}"
EndProject
Global
	GlobalSection(SolutionConfigurationPlatforms) = preSolution
		Debug|Any CPU = Debug|Any CPU
		Debug|x64 = Debug|x64
		Debug|x86 = Debug|x86
		Release|Any CPU = Release|Any CPU
		Release|x64 = Release|x64
		Release|x86 = Release|x86
	EndGlobalSection
	GlobalSection(ProjectConfigurationPlatforms) = postSolution
		{069ABD35-FB98-4938-B066-B67ADA48D545}.Debug|Any CPU.ActiveCfg = Debug|Any CPU
		{069ABD35-FB98-4938-B066-B67ADA48D545}.Debug|Any CPU.Build.0 = Debug|Any CPU
		{069ABD35-FB98-4938-B066-B67ADA48D545}.Debug|x64.ActiveCfg = Debug|Any CPU
		{069ABD35-FB98-4938-B066-B67ADA48D545}.Debug|x64.Build.0 = Debug|Any CPU
		{069ABD35-FB98-4938-B066-B67ADA48D545}.Debug|x86.ActiveCfg = Debug|Any CPU
		{069ABD35-FB98-4938-B066-B67ADA48D545}.Debug|x86.Build.0 = Debug|Any CPU
		{069ABD35-FB98-4938-B066-B67ADA48D545}.Release|Any CPU.ActiveCfg = Release|Any CPU
		{069ABD35-FB98-4938-B066-B67ADA48D545}.Release|Any CPU.Build.0 = Release|Any CPU
		{069ABD35-FB98-4938-B066-B67ADA48D545}.Release|x64.ActiveCfg = Release|Any CPU
		{069ABD35-FB98-4938-B066-B67ADA48D545}.Release|x64.Build.0 = Release|Any CPU
		{069ABD35-FB98-4938-B066-B67ADA48D545}.Release|x86.ActiveCfg = Release|Any CPU
		{069ABD35-FB98-4938-B066-B67ADA48D545}.Release|x86.Build.0 = Release|Any CPU
		{20421F66-62A2-4A00-90D5-F8E89CB9C585}.Debug|Any CPU.ActiveCfg = Debug|Any CPU
		{20421F66-62A2-4A00-90D5-F8E89CB9C585}.Debug|Any CPU.Build.0 = Debug|Any CPU
		{20421F66-62A2-4A00-90D5-F8E89CB9C585}.Debug|x64.ActiveCfg = Debug|Any CPU
		{20421F66-62A2-4A00-90D5-F8E89CB9C585}.Debug|x64.Build.0 = Debug|Any CPU
		{20421F66-62A2-4A00-90D5-F8E89CB9C585}.Debug|x86.ActiveCfg = Debug|Any CPU
		{20421F66-62A2-4A00-90D5-F8E89CB9C585}.Debug|x86.Build.0 = Debug|Any CPU
		{20421F66-62A2-4A00-90D5-F8E89CB9C585}.Release|Any CPU.ActiveCfg = Release|Any CPU
		{20421F66-62A2-4A00-90D5-F8E89CB9C585}.Release|Any CPU.Build.0 = Release|Any CPU
		{20421F66-62A2-4A00-90D5-F8E89CB9C585}.Release|x64.ActiveCfg = Release|Any CPU
		{20421F66-62A2-4A00-90D5-F8E89CB9C585}.Release|x64.Build.0 = Release|Any CPU
		{20421F66-62A2-4A00-90D5-F8E89CB9C585}.Release|x86.ActiveCfg = Release|Any CPU
		{20421F66-62A2-4A00-90D5-F8E89CB9C585}.Release|x86.Build.0 = Release|Any CPU
		{5D8F95BE-4035-4773-9F54-C139D7F24507}.Debug|Any CPU.ActiveCfg = Debug|Any CPU
		{5D8F95BE-4035-4773-9F54-C139D7F24507}.Debug|Any CPU.Build.0 = Debug|Any CPU
		{5D8F95BE-4035-4773-9F54-C139D7F24507}.Debug|x64.ActiveCfg = Debug|Any CPU
		{5D8F95BE-4035-4773-9F54-C139D7F24507}.Debug|x64.Build.0 = Debug|Any CPU
		{5D8F95BE-4035-4773-9F54-C139D7F24507}.Debug|x86.ActiveCfg = Debug|Any CPU
		{5D8F95BE-4035-4773-9F54-C139D7F24507}.Debug|x86.Build.0 = Debug|Any CPU
		{5D8F95BE-4035-4773-9F54-C139D7F24507}.Release|Any CPU.ActiveCfg = Release|Any CPU
		{5D8F95BE-4035-4773-9F54-C139D7F24507}.Release|Any CPU.Build.0 = Release|Any CPU
		{5D8F95BE-4035-4773-9F54-C139D7F24507}.Release|x64.ActiveCfg = Release|Any CPU
		{5D8F95BE-4035-4773-9F54-C139D7F24507}.Release|x64.Build.0 = Release|Any CPU
		{5D8F95BE-4035-4773-9F54-C139D7F24507}.Release|x86.ActiveCfg = Release|Any CPU
		{5D8F95BE-4035-4773-9F54-C139D7F24507}.Release|x86.Build.0 = Release|Any CPU
		{095482DF-09E0-4EFA-925B-738AB71CAA08}.Debug|Any CPU.ActiveCfg = Debug|Any CPU
		{095482DF-09E0-4EFA-925B-738AB71CAA08}.Debug|Any CPU.Build.0 = Debug|Any CPU
		{095482DF-09E0-4EFA-925B-738AB71CAA08}.Debug|x64.ActiveCfg = Debug|Any CPU
		{095482DF-09E0-4EFA-925B-738AB71CAA08}.Debug|x64.Build.0 = Debug|Any CPU
		{095482DF-09E0-4EFA-925B-738AB71CAA08}.Debug|x86.ActiveCfg = Debug|Any CPU
		{095482DF-09E0-4EFA-925B-738AB71CAA08}.Debug|x86.Build.0 = Debug|Any CPU
		{095482DF-09E0-4EFA-925B-738AB71CAA08}.Release|Any CPU.ActiveCfg = Release|Any CPU
		{095482DF-09E0-4EFA-925B-738AB71CAA08}.Release|Any CPU.Build.0 = Release|Any CPU
		{095482DF-09E0-4EFA-925B-738AB71CAA08}.Release|x64.ActiveCfg = Release|Any CPU
		{095482DF-09E0-4EFA-925B-738AB71CAA08}.Release|x64.Build.0 = Release|Any CPU
		{095482DF-09E0-4EFA-925B-738AB71CAA08}.Release|x86.ActiveCfg = Release|Any CPU
		{095482DF-09E0-4EFA-925B-738AB71CAA08}.Release|x86.Build.0 = Release|Any CPU
		{89D9D905-A746-4825-BE3C-C108C36FE3CB}.Debug|Any CPU.ActiveCfg = Debug|Any CPU
		{89D9D905-A746-4825-BE3C-C108C36FE3CB}.Debug|Any CPU.Build.0 = Debug|Any CPU
		{89D9D905-A746-4825-BE3C-C108C36FE3CB}.Debug|x64.ActiveCfg = Debug|Any CPU
		{89D9D905-A746-4825-BE3C-C108C36FE3CB}.Debug|x64.Build.0 = Debug|Any CPU
		{89D9D905-A746-4825-BE3C-C108C36FE3CB}.Debug|x86.ActiveCfg = Debug|Any CPU
		{89D9D905-A746-4825-BE3C-C108C36FE3CB}.Debug|x86.Build.0 = Debug|Any CPU
		{89D9D905-A746-4825-BE3C-C108C36FE3CB}.Release|Any CPU.ActiveCfg = Release|Any CPU
		{89D9D905-A746-4825-BE3C-C108C36FE3CB}.Release|Any CPU.Build.0 = Release|Any CPU
		{89D9D905-A746-4825-BE3C-C108C36FE3CB}.Release|x64.ActiveCfg = Release|Any CPU
		{89D9D905-A746-4825-BE3C-C108C36FE3CB}.Release|x64.Build.0 = Release|Any CPU
		{89D9D905-A746-4825-BE3C-C108C36FE3CB}.Release|x86.ActiveCfg = Release|Any CPU
		{89D9D905-A746-4825-BE3C-C108C36FE3CB}.Release|x86.Build.0 = Release|Any CPU
		{E7988A08-55DB-4FE6-8339-93748FBF3836}.Debug|Any CPU.ActiveCfg = Debug|Any CPU
		{E7988A08-55DB-4FE6-8339-93748FBF3836}.Debug|Any CPU.Build.0 = Debug|Any CPU
		{E7988A08-55DB-4FE6-8339-93748FBF3836}.Debug|x64.ActiveCfg = Debug|Any CPU
		{E7988A08-55DB-4FE6-8339-93748FBF3836}.Debug|x64.Build.0 = Debug|Any CPU
		{E7988A08-55DB-4FE6-8339-93748FBF3836}.Debug|x86.ActiveCfg = Debug|Any CPU
		{E7988A08-55DB-4FE6-8339-93748FBF3836}.Debug|x86.Build.0 = Debug|Any CPU
		{E7988A08-55DB-4FE6-8339-93748FBF3836}.Release|Any CPU.ActiveCfg = Release|Any CPU
		{E7988A08-55DB-4FE6-8339-93748FBF3836}.Release|Any CPU.Build.0 = Release|Any CPU
		{E7988A08-55DB-4FE6-8339-93748FBF3836}.Release|x64.ActiveCfg = Release|Any CPU
		{E7988A08-55DB-4FE6-8339-93748FBF3836}.Release|x64.Build.0 = Release|Any CPU
		{E7988A08-55DB-4FE6-8339-93748FBF3836}.Release|x86.ActiveCfg = Release|Any CPU
		{E7988A08-55DB-4FE6-8339-93748FBF3836}.Release|x86.Build.0 = Release|Any CPU
	EndGlobalSection
	GlobalSection(SolutionProperties) = preSolution
		HideSolutionNode = FALSE
	EndGlobalSection
EndGlobal
